// !$*UTF8*$!
{
	archiveVersion = 1;
	classes = {
	};
	objectVersion = 50;
	objects = {

/* Begin PBXBuildFile section */
		010ED9B8222400D700FB4000 /* AppDelegate.swift in Sources */ = {isa = PBXBuildFile; fileRef = 010ED9B7222400D700FB4000 /* AppDelegate.swift */; };
		010ED9BD222400D700FB4000 /* Main.storyboard in Resources */ = {isa = PBXBuildFile; fileRef = 010ED9BB222400D700FB4000 /* Main.storyboard */; };
		010ED9BF222400D900FB4000 /* Assets.xcassets in Resources */ = {isa = PBXBuildFile; fileRef = 010ED9BE222400D900FB4000 /* Assets.xcassets */; };
		010ED9C2222400D900FB4000 /* LaunchScreen.storyboard in Resources */ = {isa = PBXBuildFile; fileRef = 010ED9C0222400D900FB4000 /* LaunchScreen.storyboard */; };
		010ED9CE22240D4900FB4000 /* SWRevealViewController.m in Sources */ = {isa = PBXBuildFile; fileRef = 010ED9CD22240D4800FB4000 /* SWRevealViewController.m */; };
		010ED9D32224218C00FB4000 /* ChatVC.swift in Sources */ = {isa = PBXBuildFile; fileRef = 010ED9D22224218C00FB4000 /* ChatVC.swift */; };
		010ED9D5222421A400FB4000 /* ChannelVC.swift in Sources */ = {isa = PBXBuildFile; fileRef = 010ED9D4222421A400FB4000 /* ChannelVC.swift */; };
		4B51F774861300D560230C71 /* Pods_ChattApp.framework in Frameworks */ = {isa = PBXBuildFile; fileRef = 0C11AA800428A20CA619759D /* Pods_ChattApp.framework */; };
/* End PBXBuildFile section */

/* Begin PBXFileReference section */
		010ED9B4222400D700FB4000 /* ChattApp.app */ = {isa = PBXFileReference; explicitFileType = wrapper.application; includeInIndex = 0; path = ChattApp.app; sourceTree = BUILT_PRODUCTS_DIR; };
		010ED9B7222400D700FB4000 /* AppDelegate.swift */ = {isa = PBXFileReference; lastKnownFileType = sourcecode.swift; path = AppDelegate.swift; sourceTree = "<group>"; };
		010ED9BC222400D700FB4000 /* Base */ = {isa = PBXFileReference; lastKnownFileType = file.storyboard; name = Base; path = Base.lproj/Main.storyboard; sourceTree = "<group>"; };
		010ED9BE222400D900FB4000 /* Assets.xcassets */ = {isa = PBXFileReference; lastKnownFileType = folder.assetcatalog; path = Assets.xcassets; sourceTree = "<group>"; };
		010ED9C1222400D900FB4000 /* Base */ = {isa = PBXFileReference; lastKnownFileType = file.storyboard; name = Base; path = Base.lproj/LaunchScreen.storyboard; sourceTree = "<group>"; };
		010ED9C3222400D900FB4000 /* Info.plist */ = {isa = PBXFileReference; lastKnownFileType = text.plist.xml; path = Info.plist; sourceTree = "<group>"; };
		010ED9CA22240D4600FB4000 /* ChattApp-Bridging-Header.h */ = {isa = PBXFileReference; lastKnownFileType = sourcecode.c.h; path = "ChattApp-Bridging-Header.h"; sourceTree = "<group>"; };
		010ED9CC22240D4800FB4000 /* SWRevealViewController.h */ = {isa = PBXFileReference; fileEncoding = 4; lastKnownFileType = sourcecode.c.h; path = SWRevealViewController.h; sourceTree = "<group>"; };
		010ED9CD22240D4800FB4000 /* SWRevealViewController.m */ = {isa = PBXFileReference; fileEncoding = 4; lastKnownFileType = sourcecode.c.objc; path = SWRevealViewController.m; sourceTree = "<group>"; };
		010ED9D22224218C00FB4000 /* ChatVC.swift */ = {isa = PBXFileReference; lastKnownFileType = sourcecode.swift; path = ChatVC.swift; sourceTree = "<group>"; };
		010ED9D4222421A400FB4000 /* ChannelVC.swift */ = {isa = PBXFileReference; lastKnownFileType = sourcecode.swift; path = ChannelVC.swift; sourceTree = "<group>"; };
		0C11AA800428A20CA619759D /* Pods_ChattApp.framework */ = {isa = PBXFileReference; explicitFileType = wrapper.framework; includeInIndex = 0; path = Pods_ChattApp.framework; sourceTree = BUILT_PRODUCTS_DIR; };
		800FC9766D19A5E70B0C34FC /* Pods-ChattApp.debug.xcconfig */ = {isa = PBXFileReference; includeInIndex = 1; lastKnownFileType = text.xcconfig; name = "Pods-ChattApp.debug.xcconfig"; path = "Pods/Target Support Files/Pods-ChattApp/Pods-ChattApp.debug.xcconfig"; sourceTree = "<group>"; };
		CE775E2C7640E8120F309803 /* Pods-ChattApp.release.xcconfig */ = {isa = PBXFileReference; includeInIndex = 1; lastKnownFileType = text.xcconfig; name = "Pods-ChattApp.release.xcconfig"; path = "Pods/Target Support Files/Pods-ChattApp/Pods-ChattApp.release.xcconfig"; sourceTree = "<group>"; };
/* End PBXFileReference section */

/* Begin PBXFrameworksBuildPhase section */
		010ED9B1222400D700FB4000 /* Frameworks */ = {
			isa = PBXFrameworksBuildPhase;
			buildActionMask = 2147483647;
			files = (
				4B51F774861300D560230C71 /* Pods_ChattApp.framework in Frameworks */,
			);
			runOnlyForDeploymentPostprocessing = 0;
		};
/* End PBXFrameworksBuildPhase section */

/* Begin PBXGroup section */
		010ED9AB222400D700FB4000 = {
			isa = PBXGroup;
			children = (
				010ED9B6222400D700FB4000 /* ChattApp */,
				010ED9B5222400D700FB4000 /* Products */,
				C2D5DFAD3A747B0E0EAED9E2 /* Pods */,
				EA3899849670493B547F1F6E /* Frameworks */,
			);
			sourceTree = "<group>";
		};
		010ED9B5222400D700FB4000 /* Products */ = {
			isa = PBXGroup;
			children = (
				010ED9B4222400D700FB4000 /* ChattApp.app */,
			);
			name = Products;
			sourceTree = "<group>";
		};
		010ED9B6222400D700FB4000 /* ChattApp */ = {
			isa = PBXGroup;
			children = (
				010ED9D12224215600FB4000 /* Model */,
				010ED9D02224215000FB4000 /* View */,
				010ED9CF2224214600FB4000 /* Controller */,
				010ED9C922240D2C00FB4000 /* Supporting Files */,
				010ED9B7222400D700FB4000 /* AppDelegate.swift */,
				010ED9BB222400D700FB4000 /* Main.storyboard */,
				010ED9BE222400D900FB4000 /* Assets.xcassets */,
				010ED9C0222400D900FB4000 /* LaunchScreen.storyboard */,
				010ED9C3222400D900FB4000 /* Info.plist */,
			);
			path = ChattApp;
			sourceTree = "<group>";
		};
		010ED9C922240D2C00FB4000 /* Supporting Files */ = {
			isa = PBXGroup;
			children = (
				010ED9CC22240D4800FB4000 /* SWRevealViewController.h */,
				010ED9CD22240D4800FB4000 /* SWRevealViewController.m */,
				010ED9CA22240D4600FB4000 /* ChattApp-Bridging-Header.h */,
			);
			path = "Supporting Files";
			sourceTree = "<group>";
		};
		010ED9CF2224214600FB4000 /* Controller */ = {
			isa = PBXGroup;
			children = (
				010ED9D22224218C00FB4000 /* ChatVC.swift */,
				010ED9D4222421A400FB4000 /* ChannelVC.swift */,
			);
			path = Controller;
			sourceTree = "<group>";
		};
		010ED9D02224215000FB4000 /* View */ = {
			isa = PBXGroup;
			children = (
			);
			path = View;
			sourceTree = "<group>";
		};
		010ED9D12224215600FB4000 /* Model */ = {
			isa = PBXGroup;
			children = (
			);
			path = Model;
			sourceTree = "<group>";
		};
		C2D5DFAD3A747B0E0EAED9E2 /* Pods */ = {
			isa = PBXGroup;
			children = (
				800FC9766D19A5E70B0C34FC /* Pods-ChattApp.debug.xcconfig */,
				CE775E2C7640E8120F309803 /* Pods-ChattApp.release.xcconfig */,
			);
			name = Pods;
			sourceTree = "<group>";
		};
		EA3899849670493B547F1F6E /* Frameworks */ = {
			isa = PBXGroup;
			children = (
				0C11AA800428A20CA619759D /* Pods_ChattApp.framework */,
			);
			name = Frameworks;
			sourceTree = "<group>";
		};
/* End PBXGroup section */

/* Begin PBXNativeTarget section */
		010ED9B3222400D700FB4000 /* ChattApp */ = {
			isa = PBXNativeTarget;
			buildConfigurationList = 010ED9C6222400D900FB4000 /* Build configuration list for PBXNativeTarget "ChattApp" */;
			buildPhases = (
				BB375C0E2D012C91EB73F00A /* [CP] Check Pods Manifest.lock */,
				010ED9B0222400D700FB4000 /* Sources */,
				010ED9B1222400D700FB4000 /* Frameworks */,
				010ED9B2222400D700FB4000 /* Resources */,
				F6D586B50ED92CD222719B36 /* [CP] Embed Pods Frameworks */,
			);
			buildRules = (
			);
			dependencies = (
			);
			name = ChattApp;
			productName = ChattApp;
			productReference = 010ED9B4222400D700FB4000 /* ChattApp.app */;
			productType = "com.apple.product-type.application";
		};
/* End PBXNativeTarget section */

/* Begin PBXProject section */
		010ED9AC222400D700FB4000 /* Project object */ = {
			isa = PBXProject;
			attributes = {
				LastSwiftUpdateCheck = 1010;
				LastUpgradeCheck = 1010;
				ORGANIZATIONNAME = "Sean Dillon";
				TargetAttributes = {
					010ED9B3222400D700FB4000 = {
						CreatedOnToolsVersion = 10.1;
						LastSwiftMigration = 1010;
					};
				};
			};
			buildConfigurationList = 010ED9AF222400D700FB4000 /* Build configuration list for PBXProject "ChattApp" */;
			compatibilityVersion = "Xcode 9.3";
			developmentRegion = en;
			hasScannedForEncodings = 0;
			knownRegions = (
				en,
				Base,
			);
			mainGroup = 010ED9AB222400D700FB4000;
			productRefGroup = 010ED9B5222400D700FB4000 /* Products */;
			projectDirPath = "";
			projectRoot = "";
			targets = (
				010ED9B3222400D700FB4000 /* ChattApp */,
			);
		};
/* End PBXProject section */

/* Begin PBXResourcesBuildPhase section */
		010ED9B2222400D700FB4000 /* Resources */ = {
			isa = PBXResourcesBuildPhase;
			buildActionMask = 2147483647;
			files = (
				010ED9C2222400D900FB4000 /* LaunchScreen.storyboard in Resources */,
				010ED9BF222400D900FB4000 /* Assets.xcassets in Resources */,
				010ED9BD222400D700FB4000 /* Main.storyboard in Resources */,
			);
			runOnlyForDeploymentPostprocessing = 0;
		};
/* End PBXResourcesBuildPhase section */

/* Begin PBXShellScriptBuildPhase section */
		BB375C0E2D012C91EB73F00A /* [CP] Check Pods Manifest.lock */ = {
			isa = PBXShellScriptBuildPhase;
			buildActionMask = 2147483647;
			files = (
			);
			inputPaths = (
				"${PODS_PODFILE_DIR_PATH}/Podfile.lock",
				"${PODS_ROOT}/Manifest.lock",
			);
			name = "[CP] Check Pods Manifest.lock";
			outputPaths = (
				"$(DERIVED_FILE_DIR)/Pods-ChattApp-checkManifestLockResult.txt",
			);
			runOnlyForDeploymentPostprocessing = 0;
			shellPath = /bin/sh;
			shellScript = "diff \"${PODS_PODFILE_DIR_PATH}/Podfile.lock\" \"${PODS_ROOT}/Manifest.lock\" > /dev/null\nif [ $? != 0 ] ; then\n    # print error to STDERR\n    echo \"error: The sandbox is not in sync with the Podfile.lock. Run 'pod install' or update your CocoaPods installation.\" >&2\n    exit 1\nfi\n# This output is used by Xcode 'outputs' to avoid re-running this script phase.\necho \"SUCCESS\" > \"${SCRIPT_OUTPUT_FILE_0}\"\n";
			showEnvVarsInLog = 0;
		};
		F6D586B50ED92CD222719B36 /* [CP] Embed Pods Frameworks */ = {
			isa = PBXShellScriptBuildPhase;
			buildActionMask = 2147483647;
			files = (
			);
			inputPaths = (
				"${SRCROOT}/Pods/Target Support Files/Pods-ChattApp/Pods-ChattApp-frameworks.sh",
				"${BUILT_PRODUCTS_DIR}/Alamofire/Alamofire.framework",
				"${BUILT_PRODUCTS_DIR}/Socket.IO-Client-Swift/SocketIO.framework",
				"${BUILT_PRODUCTS_DIR}/Starscream/Starscream.framework",
				"${BUILT_PRODUCTS_DIR}/SwiftyJSON/SwiftyJSON.framework",
			);
			name = "[CP] Embed Pods Frameworks";
			outputPaths = (
				"${TARGET_BUILD_DIR}/${FRAMEWORKS_FOLDER_PATH}/Alamofire.framework",
				"${TARGET_BUILD_DIR}/${FRAMEWORKS_FOLDER_PATH}/SocketIO.framework",
				"${TARGET_BUILD_DIR}/${FRAMEWORKS_FOLDER_PATH}/Starscream.framework",
				"${TARGET_BUILD_DIR}/${FRAMEWORKS_FOLDER_PATH}/SwiftyJSON.framework",
			);
			runOnlyForDeploymentPostprocessing = 0;
			shellPath = /bin/sh;
			shellScript = "\"${SRCROOT}/Pods/Target Support Files/Pods-ChattApp/Pods-ChattApp-frameworks.sh\"\n";
			showEnvVarsInLog = 0;
		};
/* End PBXShellScriptBuildPhase section */

/* Begin PBXSourcesBuildPhase section */
		010ED9B0222400D700FB4000 /* Sources */ = {
			isa = PBXSourcesBuildPhase;
			buildActionMask = 2147483647;
			files = (
				010ED9D5222421A400FB4000 /* ChannelVC.swift in Sources */,
				010ED9D32224218C00FB4000 /* ChatVC.swift in Sources */,
				010ED9B8222400D700FB4000 /* AppDelegate.swift in Sources */,
				010ED9CE22240D4900FB4000 /* SWRevealViewController.m in Sources */,
			);
			runOnlyForDeploymentPostprocessing = 0;
		};
/* End PBXSourcesBuildPhase section */

/* Begin PBXVariantGroup section */
		010ED9BB222400D700FB4000 /* Main.storyboard */ = {
			isa = PBXVariantGroup;
			children = (
				010ED9BC222400D700FB4000 /* Base */,
			);
			name = Main.storyboard;
			sourceTree = "<group>";
		};
		010ED9C0222400D900FB4000 /* LaunchScreen.storyboard */ = {
			isa = PBXVariantGroup;
			children = (
				010ED9C1222400D900FB4000 /* Base */,
			);
			name = LaunchScreen.storyboard;
			sourceTree = "<group>";
		};
/* End PBXVariantGroup section */

/* Begin XCBuildConfiguration section */
		010ED9C4222400D900FB4000 /* Debug */ = {
			isa = XCBuildConfiguration;
			buildSettings = {
				ALWAYS_SEARCH_USER_PATHS = NO;
				CLANG_ANALYZER_NONNULL = YES;
				CLANG_ANALYZER_NUMBER_OBJECT_CONVERSION = YES_AGGRESSIVE;
				CLANG_CXX_LANGUAGE_STANDARD = "gnu++14";
				CLANG_CXX_LIBRARY = "libc++";
				CLANG_ENABLE_MODULES = YES;
				CLANG_ENABLE_OBJC_ARC = YES;
				CLANG_ENABLE_OBJC_WEAK = YES;
				CLANG_WARN_BLOCK_CAPTURE_AUTORELEASING = YES;
				CLANG_WARN_BOOL_CONVERSION = YES;
				CLANG_WARN_COMMA = YES;
				CLANG_WARN_CONSTANT_CONVERSION = YES;
				CLANG_WARN_DEPRECATED_OBJC_IMPLEMENTATIONS = YES;
				CLANG_WARN_DIRECT_OBJC_ISA_USAGE = YES_ERROR;
				CLANG_WARN_DOCUMENTATION_COMMENTS = YES;
				CLANG_WARN_EMPTY_BODY = YES;
				CLANG_WARN_ENUM_CONVERSION = YES;
				CLANG_WARN_INFINITE_RECURSION = YES;
				CLANG_WARN_INT_CONVERSION = YES;
				CLANG_WARN_NON_LITERAL_NULL_CONVERSION = YES;
				CLANG_WARN_OBJC_IMPLICIT_RETAIN_SELF = YES;
				CLANG_WARN_OBJC_LITERAL_CONVERSION = YES;
				CLANG_WARN_OBJC_ROOT_CLASS = YES_ERROR;
				CLANG_WARN_RANGE_LOOP_ANALYSIS = YES;
				CLANG_WARN_STRICT_PROTOTYPES = YES;
				CLANG_WARN_SUSPICIOUS_MOVE = YES;
				CLANG_WARN_UNGUARDED_AVAILABILITY = YES_AGGRESSIVE;
				CLANG_WARN_UNREACHABLE_CODE = YES;
				CLANG_WARN__DUPLICATE_METHOD_MATCH = YES;
				CODE_SIGN_IDENTITY = "iPhone Developer";
				COPY_PHASE_STRIP = NO;
				DEBUG_INFORMATION_FORMAT = dwarf;
				ENABLE_STRICT_OBJC_MSGSEND = YES;
				ENABLE_TESTABILITY = YES;
				GCC_C_LANGUAGE_STANDARD = gnu11;
				GCC_DYNAMIC_NO_PIC = NO;
				GCC_NO_COMMON_BLOCKS = YES;
				GCC_OPTIMIZATION_LEVEL = 0;
				GCC_PREPROCESSOR_DEFINITIONS = (
					"DEBUG=1",
					"$(inherited)",
				);
				GCC_WARN_64_TO_32_BIT_CONVERSION = YES;
				GCC_WARN_ABOUT_RETURN_TYPE = YES_ERROR;
				GCC_WARN_UNDECLARED_SELECTOR = YES;
				GCC_WARN_UNINITIALIZED_AUTOS = YES_AGGRESSIVE;
				GCC_WARN_UNUSED_FUNCTION = YES;
				GCC_WARN_UNUSED_VARIABLE = YES;
				IPHONEOS_DEPLOYMENT_TARGET = 12.1;
				MTL_ENABLE_DEBUG_INFO = INCLUDE_SOURCE;
				MTL_FAST_MATH = YES;
				ONLY_ACTIVE_ARCH = YES;
				SDKROOT = iphoneos;
				SWIFT_ACTIVE_COMPILATION_CONDITIONS = DEBUG;
				SWIFT_OPTIMIZATION_LEVEL = "-Onone";
			};
			name = Debug;
		};
		010ED9C5222400D900FB4000 /* Release */ = {
			isa = XCBuildConfiguration;
			buildSettings = {
				ALWAYS_SEARCH_USER_PATHS = NO;
				CLANG_ANALYZER_NONNULL = YES;
				CLANG_ANALYZER_NUMBER_OBJECT_CONVERSION = YES_AGGRESSIVE;
				CLANG_CXX_LANGUAGE_STANDARD = "gnu++14";
				CLANG_CXX_LIBRARY = "libc++";
				CLANG_ENABLE_MODULES = YES;
				CLANG_ENABLE_OBJC_ARC = YES;
				CLANG_ENABLE_OBJC_WEAK = YES;
				CLANG_WARN_BLOCK_CAPTURE_AUTORELEASING = YES;
				CLANG_WARN_BOOL_CONVERSION = YES;
				CLANG_WARN_COMMA = YES;
				CLANG_WARN_CONSTANT_CONVERSION = YES;
				CLANG_WARN_DEPRECATED_OBJC_IMPLEMENTATIONS = YES;
				CLANG_WARN_DIRECT_OBJC_ISA_USAGE = YES_ERROR;
				CLANG_WARN_DOCUMENTATION_COMMENTS = YES;
				CLANG_WARN_EMPTY_BODY = YES;
				CLANG_WARN_ENUM_CONVERSION = YES;
				CLANG_WARN_INFINITE_RECURSION = YES;
				CLANG_WARN_INT_CONVERSION = YES;
				CLANG_WARN_NON_LITERAL_NULL_CONVERSION = YES;
				CLANG_WARN_OBJC_IMPLICIT_RETAIN_SELF = YES;
				CLANG_WARN_OBJC_LITERAL_CONVERSION = YES;
				CLANG_WARN_OBJC_ROOT_CLASS = YES_ERROR;
				CLANG_WARN_RANGE_LOOP_ANALYSIS = YES;
				CLANG_WARN_STRICT_PROTOTYPES = YES;
				CLANG_WARN_SUSPICIOUS_MOVE = YES;
				CLANG_WARN_UNGUARDED_AVAILABILITY = YES_AGGRESSIVE;
				CLANG_WARN_UNREACHABLE_CODE = YES;
				CLANG_WARN__DUPLICATE_METHOD_MATCH = YES;
				CODE_SIGN_IDENTITY = "iPhone Developer";
				COPY_PHASE_STRIP = NO;
				DEBUG_INFORMATION_FORMAT = "dwarf-with-dsym";
				ENABLE_NS_ASSERTIONS = NO;
				ENABLE_STRICT_OBJC_MSGSEND = YES;
				GCC_C_LANGUAGE_STANDARD = gnu11;
				GCC_NO_COMMON_BLOCKS = YES;
				GCC_WARN_64_TO_32_BIT_CONVERSION = YES;
				GCC_WARN_ABOUT_RETURN_TYPE = YES_ERROR;
				GCC_WARN_UNDECLARED_SELECTOR = YES;
				GCC_WARN_UNINITIALIZED_AUTOS = YES_AGGRESSIVE;
				GCC_WARN_UNUSED_FUNCTION = YES;
				GCC_WARN_UNUSED_VARIABLE = YES;
				IPHONEOS_DEPLOYMENT_TARGET = 12.1;
				MTL_ENABLE_DEBUG_INFO = NO;
				MTL_FAST_MATH = YES;
				SDKROOT = iphoneos;
				SWIFT_COMPILATION_MODE = wholemodule;
				SWIFT_OPTIMIZATION_LEVEL = "-O";
				VALIDATE_PRODUCT = YES;
			};
			name = Release;
		};
		010ED9C7222400D900FB4000 /* Debug */ = {
			isa = XCBuildConfiguration;
			baseConfigurationReference = 800FC9766D19A5E70B0C34FC /* Pods-ChattApp.debug.xcconfig */;
			buildSettings = {
				ASSETCATALOG_COMPILER_APPICON_NAME = AppIcon;
				CLANG_ENABLE_MODULES = YES;
				CODE_SIGN_STYLE = Automatic;
				DEVELOPMENT_TEAM = NZ46F87F7G;
				INFOPLIST_FILE = ChattApp/Info.plist;
				IPHONEOS_DEPLOYMENT_TARGET = 12.1;
				LD_RUNPATH_SEARCH_PATHS = (
					"$(inherited)",
					"@executable_path/Frameworks",
				);
				PRODUCT_BUNDLE_IDENTIFIER = com.sean.ChattApp;
				PRODUCT_NAME = "$(TARGET_NAME)";
				SWIFT_OBJC_BRIDGING_HEADER = "ChattApp/Supporting Files/ChattApp-Bridging-Header.h";
				SWIFT_OPTIMIZATION_LEVEL = "-Onone";
				SWIFT_VERSION = 4.2;
				TARGETED_DEVICE_FAMILY = "1,2";
			};
			name = Debug;
		};
		010ED9C8222400D900FB4000 /* Release */ = {
			isa = XCBuildConfiguration;
			baseConfigurationReference = CE775E2C7640E8120F309803 /* Pods-ChattApp.release.xcconfig */;
			buildSettings = {
				ASSETCATALOG_COMPILER_APPICON_NAME = AppIcon;
				CLANG_ENABLE_MODULES = YES;
				CODE_SIGN_STYLE = Automatic;
				DEVELOPMENT_TEAM = NZ46F87F7G;
				INFOPLIST_FILE = ChattApp/Info.plist;
				IPHONEOS_DEPLOYMENT_TARGET = 12.1;
				LD_RUNPATH_SEARCH_PATHS = (
					"$(inherited)",
					"@executable_path/Frameworks",
				);
				PRODUCT_BUNDLE_IDENTIFIER = com.sean.ChattApp;
				PRODUCT_NAME = "$(TARGET_NAME)";
				SWIFT_OBJC_BRIDGING_HEADER = "ChattApp/Supporting Files/ChattApp-Bridging-Header.h";
				SWIFT_VERSION = 4.2;
				TARGETED_DEVICE_FAMILY = "1,2";
			};
			name = Release;
		};
/* End XCBuildConfiguration section */

/* Begin XCConfigurationList section */
		010ED9AF222400D700FB4000 /* Build configuration list for PBXProject "ChattApp" */ = {
			isa = XCConfigurationList;
			buildConfigurations = (
				010ED9C4222400D900FB4000 /* Debug */,
				010ED9C5222400D900FB4000 /* Release */,
			);
			defaultConfigurationIsVisible = 0;
			defaultConfigurationName = Release;
		};
		010ED9C6222400D900FB4000 /* Build configuration list for PBXNativeTarget "ChattApp" */ = {
			isa = XCConfigurationList;
			buildConfigurations = (
				010ED9C7222400D900FB4000 /* Debug */,
				010ED9C8222400D900FB4000 /* Release */,
			);
			defaultConfigurationIsVisible = 0;
			defaultConfigurationName = Release;
		};
/* End XCConfigurationList section */
	};
	rootObject = 010ED9AC222400D700FB4000 /* Project object */;
}
